
Microsoft Visual Studio Solution File, Format Version 12.00
# Visual Studio Version 16
VisualStudioVersion = 16.0.30711.63
MinimumVisualStudioVersion = 10.0.40219.1
Project("{8BC9CEB8-8B4A-11D0-8D11-00A0C91BC942}") = "testApp", "testApp\testApp.vcxproj", "{BAD12570-7D62-42A2-B5A2-09A3F0B3BCD8}"
EndProject
Project("{8BC9CEB8-8B4A-11D0-8D11-00A0C91BC942}") = "getSSID", "getSSID\getSSID.vcxproj", "{983A809B-572C-44B2-8301-5B33D20C8E85}"
EndProject
Project("{8BC9CEB8-8B4A-11D0-8D11-00A0C91BC942}") = "HeapTest", "HeapTest\HeapTest.vcxproj", "{C15C4926-491D-46C6-8C95-AC9CBCF22591}"
EndProject
Project("{8BC9CEB8-8B4A-11D0-8D11-00A0C91BC942}") = "getOutletIp", "getOutletIp\getOutletIp.vcxproj", "{54EED4E3-3EF2-429E-B0A0-3E1124FE00E5}"
EndProject
Project("{8BC9CEB8-8B4A-11D0-8D11-00A0C91BC942}") = "TimeTest", "TimeTest\TimeTest.vcxproj", "{E22D1D54-D10D-4802-85FC-7CE06D8A0194}"
EndProject
Project("{8BC9CEB8-8B4A-11D0-8D11-00A0C91BC942}") = "TimeTestC", "CTimeTest\CTimeTest.vcxproj", "{7E4ACC86-1B06-4DE4-8658-FEF0513D64CE}"
EndProject
Project("{8BC9CEB8-8B4A-11D0-8D11-00A0C91BC942}") = "HardwareInfo", "HardwareInfo\HardwareInfo.vcxproj", "{DB371061-D7FC-482B-9BC7-A8553B50E489}"
EndProject
Project("{9A19103F-16F7-4668-BE54-9A1E7A4F7556}") = "CPUTemp", "CPUTemp\CPUTemp.csproj", "{7163C8FD-EA74-4814-BEE8-4DF19136DA5B}"
EndProject
Project("{8BC9CEB8-8B4A-11D0-8D11-00A0C91BC942}") = "RegConfig", "RegConfig\RegConfig.vcxproj", "{497D9D21-7E55-4CB9-AA1A-E0370CB44870}"
EndProject
Project("{8BC9CEB8-8B4A-11D0-8D11-00A0C91BC942}") = "InterfaceInfoTest", "InterfaceInfoTest\InterfaceInfoTest.vcxproj", "{1B245A39-BCB8-481E-B0E6-29DE54BBA9FA}"
EndProject
Project("{8BC9CEB8-8B4A-11D0-8D11-00A0C91BC942}") = "AccessingPerformanceDataTest", "AccessingPerformanceDataTest\AccessingPerformanceDataTest.vcxproj", "{BE17F267-31AE-4924-8DB6-47D9A9AE71A2}"
EndProject
Project("{8BC9CEB8-8B4A-11D0-8D11-00A0C91BC942}") = "BlockQueueDemo", "BlockQueueDemo\BlockQueueDemo.vcxproj", "{9DEE778C-9BED-4CB8-84B6-16D06EC29A9F}"
EndProject
Project("{8BC9CEB8-8B4A-11D0-8D11-00A0C91BC942}") = "DisplaySettings", "DisplaySettings\DisplaySettings.vcxproj", "{EC4B60D4-C9A6-4E35-A7CB-DB3DDE25D379}"
EndProject
Project("{8BC9CEB8-8B4A-11D0-8D11-00A0C91BC942}") = "OpenFileDirInExplorer", "OpenFileDirInExplorer\OpenFileDirInExplorer.vcxproj", "{BE72748B-E380-42AF-9073-9436B4F2B5B3}"
EndProject
Project("{8BC9CEB8-8B4A-11D0-8D11-00A0C91BC942}") = "coroutine_test", "coroutine_test\coroutine_test.vcxproj", "{BEE4989B-E52F-4DC2-8577-4BF848DF41D9}"
EndProject
Project("{8BC9CEB8-8B4A-11D0-8D11-00A0C91BC942}") = "async_test", "async_test\async_test.vcxproj", "{34FD2C36-427E-40C8-8449-1DAE57B1A84E}"
EndProject
Project("{8BC9CEB8-8B4A-11D0-8D11-00A0C91BC942}") = "threadTest1", "threadTest1\threadTest1.vcxproj", "{D27B4802-FBE0-43C6-8E35-B77EC73B54DF}"
EndProject
Project("{8BC9CEB8-8B4A-11D0-8D11-00A0C91BC942}") = "routeTest", "routeTest\routeTest.vcxproj", "{DEE62FEE-0135-4A6F-8F23-30C11EE30246}"
EndProject
Project("{8BC9CEB8-8B4A-11D0-8D11-00A0C91BC942}") = "UACDetect", "UACDetect\UACDetect.vcxproj", "{E5B538EB-270A-4C35-B5EE-9B90C46144B0}"
EndProject
Project("{8BC9CEB8-8B4A-11D0-8D11-00A0C91BC942}") = "windowTop", "windowTop\windowTop.vcxproj", "{942D526B-5F9E-4CAC-86FF-74C149BD80AC}"
EndProject
Project("{8BC9CEB8-8B4A-11D0-8D11-00A0C91BC942}") = "NetworkDetect", "NetworkDetect\NetworkDetect.vcxproj", "{F47E1F38-2F5A-4E17-8541-65D80B031290}"
EndProject
Global
	GlobalSection(SolutionConfigurationPlatforms) = preSolution
		Debug|Any CPU = Debug|Any CPU
		Debug|x64 = Debug|x64
		Debug|x86 = Debug|x86
		Release|Any CPU = Release|Any CPU
		Release|x64 = Release|x64
		Release|x86 = Release|x86
	EndGlobalSection
	GlobalSection(ProjectConfigurationPlatforms) = postSolution
		{BAD12570-7D62-42A2-B5A2-09A3F0B3BCD8}.Debug|Any CPU.ActiveCfg = Debug|Win32
		{BAD12570-7D62-42A2-B5A2-09A3F0B3BCD8}.Debug|x64.ActiveCfg = Debug|x64
		{BAD12570-7D62-42A2-B5A2-09A3F0B3BCD8}.Debug|x64.Build.0 = Debug|x64
		{BAD12570-7D62-42A2-B5A2-09A3F0B3BCD8}.Debug|x86.ActiveCfg = Debug|Win32
		{BAD12570-7D62-42A2-B5A2-09A3F0B3BCD8}.Debug|x86.Build.0 = Debug|Win32
		{BAD12570-7D62-42A2-B5A2-09A3F0B3BCD8}.Release|Any CPU.ActiveCfg = Release|Win32
		{BAD12570-7D62-42A2-B5A2-09A3F0B3BCD8}.Release|x64.ActiveCfg = Release|x64
		{BAD12570-7D62-42A2-B5A2-09A3F0B3BCD8}.Release|x64.Build.0 = Release|x64
		{BAD12570-7D62-42A2-B5A2-09A3F0B3BCD8}.Release|x86.ActiveCfg = Release|Win32
		{BAD12570-7D62-42A2-B5A2-09A3F0B3BCD8}.Release|x86.Build.0 = Release|Win32
		{983A809B-572C-44B2-8301-5B33D20C8E85}.Debug|Any CPU.ActiveCfg = Debug|Win32
		{983A809B-572C-44B2-8301-5B33D20C8E85}.Debug|x64.ActiveCfg = Debug|x64
		{983A809B-572C-44B2-8301-5B33D20C8E85}.Debug|x64.Build.0 = Debug|x64
		{983A809B-572C-44B2-8301-5B33D20C8E85}.Debug|x86.ActiveCfg = Debug|Win32
		{983A809B-572C-44B2-8301-5B33D20C8E85}.Debug|x86.Build.0 = Debug|Win32
		{983A809B-572C-44B2-8301-5B33D20C8E85}.Release|Any CPU.ActiveCfg = Release|Win32
		{983A809B-572C-44B2-8301-5B33D20C8E85}.Release|x64.ActiveCfg = Release|x64
		{983A809B-572C-44B2-8301-5B33D20C8E85}.Release|x64.Build.0 = Release|x64
		{983A809B-572C-44B2-8301-5B33D20C8E85}.Release|x86.ActiveCfg = Release|Win32
		{983A809B-572C-44B2-8301-5B33D20C8E85}.Release|x86.Build.0 = Release|Win32
		{C15C4926-491D-46C6-8C95-AC9CBCF22591}.Debug|Any CPU.ActiveCfg = Debug|Win32
		{C15C4926-491D-46C6-8C95-AC9CBCF22591}.Debug|x64.ActiveCfg = Debug|x64
		{C15C4926-491D-46C6-8C95-AC9CBCF22591}.Debug|x64.Build.0 = Debug|x64
		{C15C4926-491D-46C6-8C95-AC9CBCF22591}.Debug|x86.ActiveCfg = Debug|Win32
		{C15C4926-491D-46C6-8C95-AC9CBCF22591}.Debug|x86.Build.0 = Debug|Win32
		{C15C4926-491D-46C6-8C95-AC9CBCF22591}.Release|Any CPU.ActiveCfg = Release|Win32
		{C15C4926-491D-46C6-8C95-AC9CBCF22591}.Release|x64.ActiveCfg = Release|x64
		{C15C4926-491D-46C6-8C95-AC9CBCF22591}.Release|x64.Build.0 = Release|x64
		{C15C4926-491D-46C6-8C95-AC9CBCF22591}.Release|x86.ActiveCfg = Release|Win32
		{C15C4926-491D-46C6-8C95-AC9CBCF22591}.Release|x86.Build.0 = Release|Win32
		{54EED4E3-3EF2-429E-B0A0-3E1124FE00E5}.Debug|Any CPU.ActiveCfg = Debug|Win32
		{54EED4E3-3EF2-429E-B0A0-3E1124FE00E5}.Debug|x64.ActiveCfg = Debug|x64
		{54EED4E3-3EF2-429E-B0A0-3E1124FE00E5}.Debug|x64.Build.0 = Debug|x64
		{54EED4E3-3EF2-429E-B0A0-3E1124FE00E5}.Debug|x86.ActiveCfg = Debug|Win32
		{54EED4E3-3EF2-429E-B0A0-3E1124FE00E5}.Debug|x86.Build.0 = Debug|Win32
		{54EED4E3-3EF2-429E-B0A0-3E1124FE00E5}.Release|Any CPU.ActiveCfg = Release|Win32
		{54EED4E3-3EF2-429E-B0A0-3E1124FE00E5}.Release|x64.ActiveCfg = Release|x64
		{54EED4E3-3EF2-429E-B0A0-3E1124FE00E5}.Release|x64.Build.0 = Release|x64
		{54EED4E3-3EF2-429E-B0A0-3E1124FE00E5}.Release|x86.ActiveCfg = Release|Win32
		{54EED4E3-3EF2-429E-B0A0-3E1124FE00E5}.Release|x86.Build.0 = Release|Win32
		{E22D1D54-D10D-4802-85FC-7CE06D8A0194}.Debug|Any CPU.ActiveCfg = Debug|Win32
		{E22D1D54-D10D-4802-85FC-7CE06D8A0194}.Debug|x64.ActiveCfg = Debug|x64
		{E22D1D54-D10D-4802-85FC-7CE06D8A0194}.Debug|x64.Build.0 = Debug|x64
		{E22D1D54-D10D-4802-85FC-7CE06D8A0194}.Debug|x86.ActiveCfg = Debug|Win32
		{E22D1D54-D10D-4802-85FC-7CE06D8A0194}.Debug|x86.Build.0 = Debug|Win32
		{E22D1D54-D10D-4802-85FC-7CE06D8A0194}.Release|Any CPU.ActiveCfg = Release|Win32
		{E22D1D54-D10D-4802-85FC-7CE06D8A0194}.Release|x64.ActiveCfg = Release|x64
		{E22D1D54-D10D-4802-85FC-7CE06D8A0194}.Release|x64.Build.0 = Release|x64
		{E22D1D54-D10D-4802-85FC-7CE06D8A0194}.Release|x86.ActiveCfg = Release|Win32
		{E22D1D54-D10D-4802-85FC-7CE06D8A0194}.Release|x86.Build.0 = Release|Win32
		{7E4ACC86-1B06-4DE4-8658-FEF0513D64CE}.Debug|Any CPU.ActiveCfg = Debug|Win32
		{7E4ACC86-1B06-4DE4-8658-FEF0513D64CE}.Debug|x64.ActiveCfg = Debug|x64
		{7E4ACC86-1B06-4DE4-8658-FEF0513D64CE}.Debug|x64.Build.0 = Debug|x64
		{7E4ACC86-1B06-4DE4-8658-FEF0513D64CE}.Debug|x86.ActiveCfg = Debug|Win32
		{7E4ACC86-1B06-4DE4-8658-FEF0513D64CE}.Debug|x86.Build.0 = Debug|Win32
		{7E4ACC86-1B06-4DE4-8658-FEF0513D64CE}.Release|Any CPU.ActiveCfg = Release|Win32
		{7E4ACC86-1B06-4DE4-8658-FEF0513D64CE}.Release|x64.ActiveCfg = Release|x64
		{7E4ACC86-1B06-4DE4-8658-FEF0513D64CE}.Release|x64.Build.0 = Release|x64
		{7E4ACC86-1B06-4DE4-8658-FEF0513D64CE}.Release|x86.ActiveCfg = Release|Win32
		{7E4ACC86-1B06-4DE4-8658-FEF0513D64CE}.Release|x86.Build.0 = Release|Win32
		{DB371061-D7FC-482B-9BC7-A8553B50E489}.Debug|Any CPU.ActiveCfg = Debug|Win32
		{DB371061-D7FC-482B-9BC7-A8553B50E489}.Debug|x64.ActiveCfg = Debug|x64
		{DB371061-D7FC-482B-9BC7-A8553B50E489}.Debug|x64.Build.0 = Debug|x64
		{DB371061-D7FC-482B-9BC7-A8553B50E489}.Debug|x86.ActiveCfg = Debug|Win32
		{DB371061-D7FC-482B-9BC7-A8553B50E489}.Debug|x86.Build.0 = Debug|Win32
		{DB371061-D7FC-482B-9BC7-A8553B50E489}.Release|Any CPU.ActiveCfg = Release|Win32
		{DB371061-D7FC-482B-9BC7-A8553B50E489}.Release|x64.ActiveCfg = Release|x64
		{DB371061-D7FC-482B-9BC7-A8553B50E489}.Release|x64.Build.0 = Release|x64
		{DB371061-D7FC-482B-9BC7-A8553B50E489}.Release|x86.ActiveCfg = Release|Win32
		{DB371061-D7FC-482B-9BC7-A8553B50E489}.Release|x86.Build.0 = Release|Win32
		{7163C8FD-EA74-4814-BEE8-4DF19136DA5B}.Debug|Any CPU.ActiveCfg = Debug|Any CPU
		{7163C8FD-EA74-4814-BEE8-4DF19136DA5B}.Debug|Any CPU.Build.0 = Debug|Any CPU
		{7163C8FD-EA74-4814-BEE8-4DF19136DA5B}.Debug|x64.ActiveCfg = Debug|Any CPU
		{7163C8FD-EA74-4814-BEE8-4DF19136DA5B}.Debug|x64.Build.0 = Debug|Any CPU
		{7163C8FD-EA74-4814-BEE8-4DF19136DA5B}.Debug|x86.ActiveCfg = Debug|Any CPU
		{7163C8FD-EA74-4814-BEE8-4DF19136DA5B}.Debug|x86.Build.0 = Debug|Any CPU
		{7163C8FD-EA74-4814-BEE8-4DF19136DA5B}.Release|Any CPU.ActiveCfg = Release|Any CPU
		{7163C8FD-EA74-4814-BEE8-4DF19136DA5B}.Release|Any CPU.Build.0 = Release|Any CPU
		{7163C8FD-EA74-4814-BEE8-4DF19136DA5B}.Release|x64.ActiveCfg = Release|Any CPU
		{7163C8FD-EA74-4814-BEE8-4DF19136DA5B}.Release|x64.Build.0 = Release|Any CPU
		{7163C8FD-EA74-4814-BEE8-4DF19136DA5B}.Release|x86.ActiveCfg = Release|Any CPU
		{7163C8FD-EA74-4814-BEE8-4DF19136DA5B}.Release|x86.Build.0 = Release|Any CPU
		{497D9D21-7E55-4CB9-AA1A-E0370CB44870}.Debug|Any CPU.ActiveCfg = Debug|Win32
		{497D9D21-7E55-4CB9-AA1A-E0370CB44870}.Debug|x64.ActiveCfg = Debug|x64
		{497D9D21-7E55-4CB9-AA1A-E0370CB44870}.Debug|x64.Build.0 = Debug|x64
		{497D9D21-7E55-4CB9-AA1A-E0370CB44870}.Debug|x86.ActiveCfg = Debug|Win32
		{497D9D21-7E55-4CB9-AA1A-E0370CB44870}.Debug|x86.Build.0 = Debug|Win32
		{497D9D21-7E55-4CB9-AA1A-E0370CB44870}.Release|Any CPU.ActiveCfg = Release|Win32
		{497D9D21-7E55-4CB9-AA1A-E0370CB44870}.Release|x64.ActiveCfg = Release|x64
		{497D9D21-7E55-4CB9-AA1A-E0370CB44870}.Release|x64.Build.0 = Release|x64
		{497D9D21-7E55-4CB9-AA1A-E0370CB44870}.Release|x86.ActiveCfg = Release|Win32
		{497D9D21-7E55-4CB9-AA1A-E0370CB44870}.Release|x86.Build.0 = Release|Win32
		{1B245A39-BCB8-481E-B0E6-29DE54BBA9FA}.Debug|Any CPU.ActiveCfg = Debug|Win32
		{1B245A39-BCB8-481E-B0E6-29DE54BBA9FA}.Debug|x64.ActiveCfg = Debug|x64
		{1B245A39-BCB8-481E-B0E6-29DE54BBA9FA}.Debug|x64.Build.0 = Debug|x64
		{1B245A39-BCB8-481E-B0E6-29DE54BBA9FA}.Debug|x86.ActiveCfg = Debug|Win32
		{1B245A39-BCB8-481E-B0E6-29DE54BBA9FA}.Debug|x86.Build.0 = Debug|Win32
		{1B245A39-BCB8-481E-B0E6-29DE54BBA9FA}.Release|Any CPU.ActiveCfg = Release|Win32
		{1B245A39-BCB8-481E-B0E6-29DE54BBA9FA}.Release|x64.ActiveCfg = Release|x64
		{1B245A39-BCB8-481E-B0E6-29DE54BBA9FA}.Release|x64.Build.0 = Release|x64
		{1B245A39-BCB8-481E-B0E6-29DE54BBA9FA}.Release|x86.ActiveCfg = Release|Win32
		{1B245A39-BCB8-481E-B0E6-29DE54BBA9FA}.Release|x86.Build.0 = Release|Win32
		{BE17F267-31AE-4924-8DB6-47D9A9AE71A2}.Debug|Any CPU.ActiveCfg = Debug|Win32
		{BE17F267-31AE-4924-8DB6-47D9A9AE71A2}.Debug|x64.ActiveCfg = Debug|x64
		{BE17F267-31AE-4924-8DB6-47D9A9AE71A2}.Debug|x64.Build.0 = Debug|x64
		{BE17F267-31AE-4924-8DB6-47D9A9AE71A2}.Debug|x86.ActiveCfg = Debug|Win32
		{BE17F267-31AE-4924-8DB6-47D9A9AE71A2}.Debug|x86.Build.0 = Debug|Win32
		{BE17F267-31AE-4924-8DB6-47D9A9AE71A2}.Release|Any CPU.ActiveCfg = Release|Win32
		{BE17F267-31AE-4924-8DB6-47D9A9AE71A2}.Release|x64.ActiveCfg = Release|x64
		{BE17F267-31AE-4924-8DB6-47D9A9AE71A2}.Release|x64.Build.0 = Release|x64
		{BE17F267-31AE-4924-8DB6-47D9A9AE71A2}.Release|x86.ActiveCfg = Release|Win32
		{BE17F267-31AE-4924-8DB6-47D9A9AE71A2}.Release|x86.Build.0 = Release|Win32
		{9DEE778C-9BED-4CB8-84B6-16D06EC29A9F}.Debug|Any CPU.ActiveCfg = Debug|Win32
		{9DEE778C-9BED-4CB8-84B6-16D06EC29A9F}.Debug|x64.ActiveCfg = Debug|x64
		{9DEE778C-9BED-4CB8-84B6-16D06EC29A9F}.Debug|x64.Build.0 = Debug|x64
		{9DEE778C-9BED-4CB8-84B6-16D06EC29A9F}.Debug|x86.ActiveCfg = Debug|Win32
		{9DEE778C-9BED-4CB8-84B6-16D06EC29A9F}.Debug|x86.Build.0 = Debug|Win32
		{9DEE778C-9BED-4CB8-84B6-16D06EC29A9F}.Release|Any CPU.ActiveCfg = Release|Win32
		{9DEE778C-9BED-4CB8-84B6-16D06EC29A9F}.Release|x64.ActiveCfg = Release|x64
		{9DEE778C-9BED-4CB8-84B6-16D06EC29A9F}.Release|x64.Build.0 = Release|x64
		{9DEE778C-9BED-4CB8-84B6-16D06EC29A9F}.Release|x86.ActiveCfg = Release|Win32
		{9DEE778C-9BED-4CB8-84B6-16D06EC29A9F}.Release|x86.Build.0 = Release|Win32
		{EC4B60D4-C9A6-4E35-A7CB-DB3DDE25D379}.Debug|Any CPU.ActiveCfg = Debug|Win32
		{EC4B60D4-C9A6-4E35-A7CB-DB3DDE25D379}.Debug|x64.ActiveCfg = Debug|x64
		{EC4B60D4-C9A6-4E35-A7CB-DB3DDE25D379}.Debug|x64.Build.0 = Debug|x64
		{EC4B60D4-C9A6-4E35-A7CB-DB3DDE25D379}.Debug|x86.ActiveCfg = Debug|Win32
		{EC4B60D4-C9A6-4E35-A7CB-DB3DDE25D379}.Debug|x86.Build.0 = Debug|Win32
		{EC4B60D4-C9A6-4E35-A7CB-DB3DDE25D379}.Release|Any CPU.ActiveCfg = Release|Win32
		{EC4B60D4-C9A6-4E35-A7CB-DB3DDE25D379}.Release|x64.ActiveCfg = Release|x64
		{EC4B60D4-C9A6-4E35-A7CB-DB3DDE25D379}.Release|x64.Build.0 = Release|x64
		{EC4B60D4-C9A6-4E35-A7CB-DB3DDE25D379}.Release|x86.ActiveCfg = Release|Win32
		{EC4B60D4-C9A6-4E35-A7CB-DB3DDE25D379}.Release|x86.Build.0 = Release|Win32
		{BE72748B-E380-42AF-9073-9436B4F2B5B3}.Debug|Any CPU.ActiveCfg = Debug|Win32
		{BE72748B-E380-42AF-9073-9436B4F2B5B3}.Debug|x64.ActiveCfg = Debug|x64
		{BE72748B-E380-42AF-9073-9436B4F2B5B3}.Debug|x64.Build.0 = Debug|x64
		{BE72748B-E380-42AF-9073-9436B4F2B5B3}.Debug|x86.ActiveCfg = Debug|Win32
		{BE72748B-E380-42AF-9073-9436B4F2B5B3}.Debug|x86.Build.0 = Debug|Win32
		{BE72748B-E380-42AF-9073-9436B4F2B5B3}.Release|Any CPU.ActiveCfg = Release|Win32
		{BE72748B-E380-42AF-9073-9436B4F2B5B3}.Release|x64.ActiveCfg = Release|x64
		{BE72748B-E380-42AF-9073-9436B4F2B5B3}.Release|x64.Build.0 = Release|x64
		{BE72748B-E380-42AF-9073-9436B4F2B5B3}.Release|x86.ActiveCfg = Release|Win32
		{BE72748B-E380-42AF-9073-9436B4F2B5B3}.Release|x86.Build.0 = Release|Win32
		{BEE4989B-E52F-4DC2-8577-4BF848DF41D9}.Debug|Any CPU.ActiveCfg = Debug|Win32
		{BEE4989B-E52F-4DC2-8577-4BF848DF41D9}.Debug|x64.ActiveCfg = Debug|x64
		{BEE4989B-E52F-4DC2-8577-4BF848DF41D9}.Debug|x64.Build.0 = Debug|x64
		{BEE4989B-E52F-4DC2-8577-4BF848DF41D9}.Debug|x86.ActiveCfg = Debug|Win32
		{BEE4989B-E52F-4DC2-8577-4BF848DF41D9}.Debug|x86.Build.0 = Debug|Win32
		{BEE4989B-E52F-4DC2-8577-4BF848DF41D9}.Release|Any CPU.ActiveCfg = Release|Win32
		{BEE4989B-E52F-4DC2-8577-4BF848DF41D9}.Release|x64.ActiveCfg = Release|x64
		{BEE4989B-E52F-4DC2-8577-4BF848DF41D9}.Release|x64.Build.0 = Release|x64
		{BEE4989B-E52F-4DC2-8577-4BF848DF41D9}.Release|x86.ActiveCfg = Release|Win32
		{BEE4989B-E52F-4DC2-8577-4BF848DF41D9}.Release|x86.Build.0 = Release|Win32
		{34FD2C36-427E-40C8-8449-1DAE57B1A84E}.Debug|Any CPU.ActiveCfg = Debug|Win32
		{34FD2C36-427E-40C8-8449-1DAE57B1A84E}.Debug|x64.ActiveCfg = Debug|x64
		{34FD2C36-427E-40C8-8449-1DAE57B1A84E}.Debug|x64.Build.0 = Debug|x64
		{34FD2C36-427E-40C8-8449-1DAE57B1A84E}.Debug|x86.ActiveCfg = Debug|Win32
		{34FD2C36-427E-40C8-8449-1DAE57B1A84E}.Debug|x86.Build.0 = Debug|Win32
		{34FD2C36-427E-40C8-8449-1DAE57B1A84E}.Release|Any CPU.ActiveCfg = Release|Win32
		{34FD2C36-427E-40C8-8449-1DAE57B1A84E}.Release|x64.ActiveCfg = Release|x64
		{34FD2C36-427E-40C8-8449-1DAE57B1A84E}.Release|x64.Build.0 = Release|x64
		{34FD2C36-427E-40C8-8449-1DAE57B1A84E}.Release|x86.ActiveCfg = Release|Win32
		{34FD2C36-427E-40C8-8449-1DAE57B1A84E}.Release|x86.Build.0 = Release|Win32
		{D27B4802-FBE0-43C6-8E35-B77EC73B54DF}.Debug|Any CPU.ActiveCfg = Debug|Win32
		{D27B4802-FBE0-43C6-8E35-B77EC73B54DF}.Debug|x64.ActiveCfg = Debug|x64
		{D27B4802-FBE0-43C6-8E35-B77EC73B54DF}.Debug|x64.Build.0 = Debug|x64
		{D27B4802-FBE0-43C6-8E35-B77EC73B54DF}.Debug|x86.ActiveCfg = Debug|Win32
		{D27B4802-FBE0-43C6-8E35-B77EC73B54DF}.Debug|x86.Build.0 = Debug|Win32
		{D27B4802-FBE0-43C6-8E35-B77EC73B54DF}.Release|Any CPU.ActiveCfg = Release|Win32
		{D27B4802-FBE0-43C6-8E35-B77EC73B54DF}.Release|x64.ActiveCfg = Release|x64
		{D27B4802-FBE0-43C6-8E35-B77EC73B54DF}.Release|x64.Build.0 = Release|x64
		{D27B4802-FBE0-43C6-8E35-B77EC73B54DF}.Release|x86.ActiveCfg = Release|Win32
		{D27B4802-FBE0-43C6-8E35-B77EC73B54DF}.Release|x86.Build.0 = Release|Win32
		{DEE62FEE-0135-4A6F-8F23-30C11EE30246}.Debug|Any CPU.ActiveCfg = Debug|Win32
		{DEE62FEE-0135-4A6F-8F23-30C11EE30246}.Debug|x64.ActiveCfg = Debug|x64
		{DEE62FEE-0135-4A6F-8F23-30C11EE30246}.Debug|x64.Build.0 = Debug|x64
		{DEE62FEE-0135-4A6F-8F23-30C11EE30246}.Debug|x86.ActiveCfg = Debug|Win32
		{DEE62FEE-0135-4A6F-8F23-30C11EE30246}.Debug|x86.Build.0 = Debug|Win32
		{DEE62FEE-0135-4A6F-8F23-30C11EE30246}.Release|Any CPU.ActiveCfg = Release|Win32
		{DEE62FEE-0135-4A6F-8F23-30C11EE30246}.Release|x64.ActiveCfg = Release|x64
		{DEE62FEE-0135-4A6F-8F23-30C11EE30246}.Release|x64.Build.0 = Release|x64
		{DEE62FEE-0135-4A6F-8F23-30C11EE30246}.Release|x86.ActiveCfg = Release|Win32
		{DEE62FEE-0135-4A6F-8F23-30C11EE30246}.Release|x86.Build.0 = Release|Win32
		{E5B538EB-270A-4C35-B5EE-9B90C46144B0}.Debug|Any CPU.ActiveCfg = Debug|Win32
		{E5B538EB-270A-4C35-B5EE-9B90C46144B0}.Debug|x64.ActiveCfg = Debug|x64
		{E5B538EB-270A-4C35-B5EE-9B90C46144B0}.Debug|x64.Build.0 = Debug|x64
		{E5B538EB-270A-4C35-B5EE-9B90C46144B0}.Debug|x86.ActiveCfg = Debug|Win32
		{E5B538EB-270A-4C35-B5EE-9B90C46144B0}.Debug|x86.Build.0 = Debug|Win32
		{E5B538EB-270A-4C35-B5EE-9B90C46144B0}.Release|Any CPU.ActiveCfg = Release|Win32
		{E5B538EB-270A-4C35-B5EE-9B90C46144B0}.Release|x64.ActiveCfg = Release|x64
		{E5B538EB-270A-4C35-B5EE-9B90C46144B0}.Release|x64.Build.0 = Release|x64
		{E5B538EB-270A-4C35-B5EE-9B90C46144B0}.Release|x86.ActiveCfg = Release|Win32
		{E5B538EB-270A-4C35-B5EE-9B90C46144B0}.Release|x86.Build.0 = Release|Win32
		{942D526B-5F9E-4CAC-86FF-74C149BD80AC}.Debug|Any CPU.ActiveCfg = Debug|Win32
		{942D526B-5F9E-4CAC-86FF-74C149BD80AC}.Debug|x64.ActiveCfg = Debug|x64
		{942D526B-5F9E-4CAC-86FF-74C149BD80AC}.Debug|x64.Build.0 = Debug|x64
		{942D526B-5F9E-4CAC-86FF-74C149BD80AC}.Debug|x86.ActiveCfg = Debug|Win32
		{942D526B-5F9E-4CAC-86FF-74C149BD80AC}.Debug|x86.Build.0 = Debug|Win32
		{942D526B-5F9E-4CAC-86FF-74C149BD80AC}.Release|Any CPU.ActiveCfg = Release|Win32
		{942D526B-5F9E-4CAC-86FF-74C149BD80AC}.Release|x64.ActiveCfg = Release|x64
		{942D526B-5F9E-4CAC-86FF-74C149BD80AC}.Release|x64.Build.0 = Release|x64
		{942D526B-5F9E-4CAC-86FF-74C149BD80AC}.Release|x86.ActiveCfg = Release|Win32
		{942D526B-5F9E-4CAC-86FF-74C149BD80AC}.Release|x86.Build.0 = Release|Win32
		{F47E1F38-2F5A-4E17-8541-65D80B031290}.Debug|Any CPU.ActiveCfg = Debug|Win32
		{F47E1F38-2F5A-4E17-8541-65D80B031290}.Debug|x64.ActiveCfg = Debug|x64
		{F47E1F38-2F5A-4E17-8541-65D80B031290}.Debug|x64.Build.0 = Debug|x64
		{F47E1F38-2F5A-4E17-8541-65D80B031290}.Debug|x86.ActiveCfg = Debug|Win32
		{F47E1F38-2F5A-4E17-8541-65D80B031290}.Debug|x86.Build.0 = Debug|Win32
		{F47E1F38-2F5A-4E17-8541-65D80B031290}.Release|Any CPU.ActiveCfg = Release|Win32
		{F47E1F38-2F5A-4E17-8541-65D80B031290}.Release|x64.ActiveCfg = Release|x64
		{F47E1F38-2F5A-4E17-8541-65D80B031290}.Release|x64.Build.0 = Release|x64
		{F47E1F38-2F5A-4E17-8541-65D80B031290}.Release|x86.ActiveCfg = Release|Win32
		{F47E1F38-2F5A-4E17-8541-65D80B031290}.Release|x86.Build.0 = Release|Win32
	EndGlobalSection
	GlobalSection(SolutionProperties) = preSolution
		HideSolutionNode = FALSE
	EndGlobalSection
	GlobalSection(ExtensibilityGlobals) = postSolution
		SolutionGuid = {5C027B5D-5DED-4259-A294-159D7168B98B}
	EndGlobalSection
EndGlobal
